
Microsoft Visual Studio Solution File, Format Version 12.00
# Visual Studio Version 17
VisualStudioVersion = 17.3.32728.150
MinimumVisualStudioVersion = 10.0.40219.1
Project("{9A19103F-16F7-4668-BE54-9A1E7A4F7556}") = "AspApplication.BLL", "..\AspApplication\AspApplication.BLL\AspApplication.BLL.csproj", "{4E192414-B017-4E2F-89EB-A7528933E1A2}"
EndProject
Project("{9A19103F-16F7-4668-BE54-9A1E7A4F7556}") = "WpfApp", "WpfApp\WpfApp.csproj", "{FDA86D46-2D1E-428A-AB1C-F5BE0022E9B2}"
EndProject
Project("{FAE04EC0-301F-11D3-BF4B-00C04F79EFBC}") = "Base", "Base\Base.csproj", "{A9036F97-3464-4ED7-8D60-44A135707004}"
EndProject
Global
	GlobalSection(SolutionConfigurationPlatforms) = preSolution
		Debug|Any CPU = Debug|Any CPU
		Release|Any CPU = Release|Any CPU
	EndGlobalSection
	GlobalSection(ProjectConfigurationPlatforms) = postSolution
		{4E192414-B017-4E2F-89EB-A7528933E1A2}.Debug|Any CPU.ActiveCfg = Debug|Any CPU
		{4E192414-B017-4E2F-89EB-A7528933E1A2}.Debug|Any CPU.Build.0 = Debug|Any CPU
		{4E192414-B017-4E2F-89EB-A7528933E1A2}.Release|Any CPU.ActiveCfg = Release|Any CPU
		{4E192414-B017-4E2F-89EB-A7528933E1A2}.Release|Any CPU.Build.0 = Release|Any CPU
		{FDA86D46-2D1E-428A-AB1C-F5BE0022E9B2}.Debug|Any CPU.ActiveCfg = Debug|Any CPU
		{FDA86D46-2D1E-428A-AB1C-F5BE0022E9B2}.Debug|Any CPU.Build.0 = Debug|Any CPU
		{FDA86D46-2D1E-428A-AB1C-F5BE0022E9B2}.Release|Any CPU.ActiveCfg = Release|Any CPU
		{FDA86D46-2D1E-428A-AB1C-F5BE0022E9B2}.Release|Any CPU.Build.0 = Release|Any CPU
		{A9036F97-3464-4ED7-8D60-44A135707004}.Debug|Any CPU.ActiveCfg = Debug|Any CPU
		{A9036F97-3464-4ED7-8D60-44A135707004}.Debug|Any CPU.Build.0 = Debug|Any CPU
		{A9036F97-3464-4ED7-8D60-44A135707004}.Release|Any CPU.ActiveCfg = Release|Any CPU
		{A9036F97-3464-4ED7-8D60-44A135707004}.Release|Any CPU.Build.0 = Release|Any CPU
	EndGlobalSection
	GlobalSection(SolutionProperties) = preSolution
		HideSolutionNode = FALSE
	EndGlobalSection
	GlobalSection(ExtensibilityGlobals) = postSolution
		SolutionGuid = {833E5644-1742-4048-A6C3-EB10CEE5E23D}
	EndGlobalSection
EndGlobal
