
Microsoft Visual Studio Solution File, Format Version 12.00
# Visual Studio Version 17
VisualStudioVersion = 17.3.32728.150
MinimumVisualStudioVersion = 10.0.40219.1
Project("{9A19103F-16F7-4668-BE54-9A1E7A4F7556}") = "AspApplication", "AspApplication\AspApplication.csproj", "{DF7344D9-D906-4CE0-9FF1-77178E70BD48}"
EndProject
Project("{9A19103F-16F7-4668-BE54-9A1E7A4F7556}") = "AspApplication.DAL", "AspApplication.DAL\AspApplication.DAL.csproj", "{1F53B214-7E83-4CCA-9687-48BDC090E625}"
EndProject
Project("{9A19103F-16F7-4668-BE54-9A1E7A4F7556}") = "AspApplication.BLL", "AspApplication.BLL\AspApplication.BLL.csproj", "{1AAE1492-4248-4605-BFCB-18B3767344C5}"
EndProject
Project("{9A19103F-16F7-4668-BE54-9A1E7A4F7556}") = "AspApplication.Domain", "AspApplication.Domain\AspApplication.Domain.csproj", "{0F4D197A-2B37-48C4-B8CD-DBACF1D80A36}"
EndProject
Global
	GlobalSection(SolutionConfigurationPlatforms) = preSolution
		Debug|Any CPU = Debug|Any CPU
		Release|Any CPU = Release|Any CPU
	EndGlobalSection
	GlobalSection(ProjectConfigurationPlatforms) = postSolution
		{DF7344D9-D906-4CE0-9FF1-77178E70BD48}.Debug|Any CPU.ActiveCfg = Debug|Any CPU
		{DF7344D9-D906-4CE0-9FF1-77178E70BD48}.Debug|Any CPU.Build.0 = Debug|Any CPU
		{DF7344D9-D906-4CE0-9FF1-77178E70BD48}.Release|Any CPU.ActiveCfg = Release|Any CPU
		{DF7344D9-D906-4CE0-9FF1-77178E70BD48}.Release|Any CPU.Build.0 = Release|Any CPU
		{1F53B214-7E83-4CCA-9687-48BDC090E625}.Debug|Any CPU.ActiveCfg = Debug|Any CPU
		{1F53B214-7E83-4CCA-9687-48BDC090E625}.Debug|Any CPU.Build.0 = Debug|Any CPU
		{1F53B214-7E83-4CCA-9687-48BDC090E625}.Release|Any CPU.ActiveCfg = Release|Any CPU
		{1F53B214-7E83-4CCA-9687-48BDC090E625}.Release|Any CPU.Build.0 = Release|Any CPU
		{1AAE1492-4248-4605-BFCB-18B3767344C5}.Debug|Any CPU.ActiveCfg = Debug|Any CPU
		{1AAE1492-4248-4605-BFCB-18B3767344C5}.Debug|Any CPU.Build.0 = Debug|Any CPU
		{1AAE1492-4248-4605-BFCB-18B3767344C5}.Release|Any CPU.ActiveCfg = Release|Any CPU
		{1AAE1492-4248-4605-BFCB-18B3767344C5}.Release|Any CPU.Build.0 = Release|Any CPU
		{0F4D197A-2B37-48C4-B8CD-DBACF1D80A36}.Debug|Any CPU.ActiveCfg = Debug|Any CPU
		{0F4D197A-2B37-48C4-B8CD-DBACF1D80A36}.Debug|Any CPU.Build.0 = Debug|Any CPU
		{0F4D197A-2B37-48C4-B8CD-DBACF1D80A36}.Release|Any CPU.ActiveCfg = Release|Any CPU
		{0F4D197A-2B37-48C4-B8CD-DBACF1D80A36}.Release|Any CPU.Build.0 = Release|Any CPU
	EndGlobalSection
	GlobalSection(SolutionProperties) = preSolution
		HideSolutionNode = FALSE
	EndGlobalSection
	GlobalSection(ExtensibilityGlobals) = postSolution
		SolutionGuid = {3C1328A8-853E-4DCD-992E-FDDFA94470BA}
	EndGlobalSection
EndGlobal
